
Microsoft Visual Studio Solution File, Format Version 12.00
# Visual Studio 15
VisualStudioVersion = 15.0.28307.539
MinimumVisualStudioVersion = 10.0.40219.1
Project("{9A19103F-16F7-4668-BE54-9A1E7A4F7556}") = "TaileOfFriend.web", "TaileOfFriend.web\TaileOfFriend.web.csproj", "{1D25F52E-91E4-43EB-AFF7-53CED189B527}"
EndProject
Project("{9A19103F-16F7-4668-BE54-9A1E7A4F7556}") = "TaileOfFriend.DAL", "TaileOfFriend.DAL\TaileOfFriend.DAL.csproj", "{B653D3CD-5863-48A7-8239-7A55BE3A9190}"
EndProject
Project("{9A19103F-16F7-4668-BE54-9A1E7A4F7556}") = "TaileOfFriend.BLL", "TaileOfFriend.BLL\TaileOfFriend.BLL.csproj", "{30FB5C79-7761-4E3A-8762-97B6CE548539}"
EndProject
Project("{FAE04EC0-301F-11D3-BF4B-00C04F79EFBC}") = "TaileOfFriendTest", "TaileOfFriendTest\TaileOfFriendTest.csproj", "{3107D7B5-CD05-4C4D-8B44-67D2F2B362F0}"
EndProject
Global
	GlobalSection(SolutionConfigurationPlatforms) = preSolution
		Debug|Any CPU = Debug|Any CPU
		Release|Any CPU = Release|Any CPU
	EndGlobalSection
	GlobalSection(ProjectConfigurationPlatforms) = postSolution
		{1D25F52E-91E4-43EB-AFF7-53CED189B527}.Debug|Any CPU.ActiveCfg = Debug|Any CPU
		{1D25F52E-91E4-43EB-AFF7-53CED189B527}.Debug|Any CPU.Build.0 = Debug|Any CPU
		{1D25F52E-91E4-43EB-AFF7-53CED189B527}.Release|Any CPU.ActiveCfg = Release|Any CPU
		{1D25F52E-91E4-43EB-AFF7-53CED189B527}.Release|Any CPU.Build.0 = Release|Any CPU
		{B653D3CD-5863-48A7-8239-7A55BE3A9190}.Debug|Any CPU.ActiveCfg = Debug|Any CPU
		{B653D3CD-5863-48A7-8239-7A55BE3A9190}.Debug|Any CPU.Build.0 = Debug|Any CPU
		{B653D3CD-5863-48A7-8239-7A55BE3A9190}.Release|Any CPU.ActiveCfg = Release|Any CPU
		{B653D3CD-5863-48A7-8239-7A55BE3A9190}.Release|Any CPU.Build.0 = Release|Any CPU
		{30FB5C79-7761-4E3A-8762-97B6CE548539}.Debug|Any CPU.ActiveCfg = Debug|Any CPU
		{30FB5C79-7761-4E3A-8762-97B6CE548539}.Debug|Any CPU.Build.0 = Debug|Any CPU
		{30FB5C79-7761-4E3A-8762-97B6CE548539}.Release|Any CPU.ActiveCfg = Release|Any CPU
		{30FB5C79-7761-4E3A-8762-97B6CE548539}.Release|Any CPU.Build.0 = Release|Any CPU
		{3107D7B5-CD05-4C4D-8B44-67D2F2B362F0}.Debug|Any CPU.ActiveCfg = Debug|Any CPU
		{3107D7B5-CD05-4C4D-8B44-67D2F2B362F0}.Debug|Any CPU.Build.0 = Debug|Any CPU
		{3107D7B5-CD05-4C4D-8B44-67D2F2B362F0}.Release|Any CPU.ActiveCfg = Release|Any CPU
		{3107D7B5-CD05-4C4D-8B44-67D2F2B362F0}.Release|Any CPU.Build.0 = Release|Any CPU
	EndGlobalSection
	GlobalSection(SolutionProperties) = preSolution
		HideSolutionNode = FALSE
	EndGlobalSection
	GlobalSection(ExtensibilityGlobals) = postSolution
		SolutionGuid = {82495F89-3025-4F0D-B8BF-286E98F239E3}
	EndGlobalSection
EndGlobal
